
Microsoft Visual Studio Solution File, Format Version 12.00
# Visual Studio Version 16
VisualStudioVersion = 16.0.31105.61
MinimumVisualStudioVersion = 10.0.40219.1
Project("{FAE04EC0-301F-11D3-BF4B-00C04F79EFBC}") = "MyBlog", "MyBlog\MyBlog.csproj", "{E829A36F-7AD2-4366-92F3-D53BAE16A1E3}"
EndProject
Global
	GlobalSection(SolutionConfigurationPlatforms) = preSolution
		Debug|Any CPU = Debug|Any CPU
		Release|Any CPU = Release|Any CPU
	EndGlobalSection
	GlobalSection(ProjectConfigurationPlatforms) = postSolution
		{E829A36F-7AD2-4366-92F3-D53BAE16A1E3}.Debug|Any CPU.ActiveCfg = Debug|Any CPU
		{E829A36F-7AD2-4366-92F3-D53BAE16A1E3}.Debug|Any CPU.Build.0 = Debug|Any CPU
		{E829A36F-7AD2-4366-92F3-D53BAE16A1E3}.Release|Any CPU.ActiveCfg = Release|Any CPU
		{E829A36F-7AD2-4366-92F3-D53BAE16A1E3}.Release|Any CPU.Build.0 = Release|Any CPU
	EndGlobalSection
	GlobalSection(SolutionProperties) = preSolution
		HideSolutionNode = FALSE
	EndGlobalSection
	GlobalSection(ExtensibilityGlobals) = postSolution
		SolutionGuid = {52434C1D-EF73-448C-BB86-0520D579D760}
	EndGlobalSection
EndGlobal
